{
  "version": 4,
  "terraform_version": "1.9.8",
  "serial": 259,
  "lineage": "62ea8a0f-95c0-8567-c028-72e95a2d5867",
  "outputs": {},
  "resources": [
    {
      "mode": "managed",
      "type": "google_compute_network",
      "name": "vpc_network",
      "provider": "provider[\"registry.terraform.io/hashicorp/google\"]",
      "instances": [
        {
          "schema_version": 0,
          "attributes": {
            "auto_create_subnetworks": true,
            "delete_default_routes_on_create": false,
            "description": "",
            "enable_ula_internal_ipv6": false,
            "gateway_ipv4": "",
            "id": "projects/agisit-2425-website-98956/global/networks/tic-tac-toe-vpc",
            "internal_ipv6_range": "",
            "mtu": 0,
            "name": "tic-tac-toe-vpc",
            "network_firewall_policy_enforcement_order": "AFTER_CLASSIC_FIREWALL",
            "numeric_id": "24485109159323125",
            "project": "agisit-2425-website-98956",
            "routing_mode": "REGIONAL",
            "self_link": "https://www.googleapis.com/compute/v1/projects/agisit-2425-website-98956/global/networks/tic-tac-toe-vpc",
            "timeouts": null
          },
          "sensitive_attributes": [],
          "private": "eyJlMmJmYjczMC1lY2FhLTExZTYtOGY4OC0zNDM2M2JjN2M0YzAiOnsiY3JlYXRlIjoxMjAwMDAwMDAwMDAwLCJkZWxldGUiOjEyMDAwMDAwMDAwMDAsInVwZGF0ZSI6MTIwMDAwMDAwMDAwMH19"
        }
      ]
    },
    {
      "mode": "managed",
      "type": "google_compute_subnetwork",
      "name": "subnet",
      "provider": "provider[\"registry.terraform.io/hashicorp/google\"]",
      "instances": [
        {
          "schema_version": 0,
          "attributes": {
            "creation_timestamp": "2024-10-22T10:05:09.576-07:00",
            "description": "",
            "external_ipv6_prefix": "",
            "fingerprint": null,
            "gateway_address": "10.0.0.1",
            "id": "projects/agisit-2425-website-98956/regions/europe-west1/subnetworks/tic-tac-toe-subnet",
            "internal_ipv6_prefix": "",
            "ip_cidr_range": "10.0.0.0/16",
            "ipv6_access_type": "",
            "ipv6_cidr_range": "",
            "log_config": [],
            "name": "tic-tac-toe-subnet",
            "network": "https://www.googleapis.com/compute/v1/projects/agisit-2425-website-98956/global/networks/tic-tac-toe-vpc",
            "private_ip_google_access": true,
            "private_ipv6_google_access": "DISABLE_GOOGLE_ACCESS",
            "project": "agisit-2425-website-98956",
            "purpose": "PRIVATE",
            "region": "europe-west1",
            "reserved_internal_range": "",
            "role": "",
            "secondary_ip_range": [
              {
                "ip_cidr_range": "10.124.0.0/14",
                "range_name": "gke-tic-tac-toe-cluster-pods-fb365384",
                "reserved_internal_range": "https://networkconnectivity.googleapis.com/v1/projects/agisit-2425-website-98956/locations/global/internalRanges/gke-tic-tac-toe-cluster-pods-fb365384"
              }
            ],
            "self_link": "https://www.googleapis.com/compute/v1/projects/agisit-2425-website-98956/regions/europe-west1/subnetworks/tic-tac-toe-subnet",
            "send_secondary_ip_range_if_empty": null,
            "stack_type": "IPV4_ONLY",
            "timeouts": null
          },
          "sensitive_attributes": [],
          "private": "eyJlMmJmYjczMC1lY2FhLTExZTYtOGY4OC0zNDM2M2JjN2M0YzAiOnsiY3JlYXRlIjoxMjAwMDAwMDAwMDAwLCJkZWxldGUiOjEyMDAwMDAwMDAwMDAsInVwZGF0ZSI6MTIwMDAwMDAwMDAwMH19",
          "dependencies": [
            "google_compute_network.vpc_network"
          ]
        }
      ]
    },
    {
      "mode": "managed",
      "type": "google_container_cluster",
      "name": "primary",
      "provider": "provider[\"registry.terraform.io/hashicorp/google\"]",
      "instances": [
        {
          "schema_version": 2,
          "attributes": {
            "addons_config": [
              {
                "cloudrun_config": [],
                "config_connector_config": [],
                "dns_cache_config": [],
                "gce_persistent_disk_csi_driver_config": [
                  {
                    "enabled": true
                  }
                ],
                "gcp_filestore_csi_driver_config": [],
                "gcs_fuse_csi_driver_config": [],
                "gke_backup_agent_config": [],
                "horizontal_pod_autoscaling": [],
                "http_load_balancing": [],
                "network_policy_config": [
                  {
                    "disabled": true
                  }
                ],
                "ray_operator_config": [],
                "stateful_ha_config": []
              }
            ],
            "allow_net_admin": null,
            "authenticator_groups_config": [],
            "binary_authorization": [
              {
                "enabled": false,
                "evaluation_mode": ""
              }
            ],
            "cluster_autoscaling": [
              {
                "auto_provisioning_defaults": [],
                "auto_provisioning_locations": [],
                "autoscaling_profile": "BALANCED",
                "enabled": false,
                "resource_limits": []
              }
            ],
            "cluster_ipv4_cidr": "10.124.0.0/14",
            "confidential_nodes": [],
            "cost_management_config": [],
            "database_encryption": [
              {
                "key_name": "",
                "state": "DECRYPTED"
              }
            ],
            "datapath_provider": "",
            "default_max_pods_per_node": 110,
            "default_snat_status": [
              {
                "disabled": false
              }
            ],
            "deletion_protection": false,
            "description": "",
            "dns_config": [],
            "effective_labels": {
              "goog-terraform-provisioned": "true"
            },
            "enable_autopilot": false,
            "enable_cilium_clusterwide_network_policy": false,
            "enable_intranode_visibility": false,
            "enable_k8s_beta_apis": [],
            "enable_kubernetes_alpha": false,
            "enable_l4_ilb_subsetting": false,
            "enable_legacy_abac": false,
            "enable_multi_networking": false,
            "enable_shielded_nodes": true,
            "enable_tpu": false,
            "endpoint": "35.205.135.54",
            "fleet": [],
            "gateway_api_config": [],
            "id": "projects/agisit-2425-website-98956/locations/europe-west1/clusters/tic-tac-toe-cluster",
            "identity_service_config": [],
            "initial_node_count": 1,
            "ip_allocation_policy": [
              {
                "additional_pod_ranges_config": [],
                "cluster_ipv4_cidr_block": "10.124.0.0/14",
                "cluster_secondary_range_name": "gke-tic-tac-toe-cluster-pods-fb365384",
                "pod_cidr_overprovision_config": [
                  {
                    "disabled": false
                  }
                ],
                "services_ipv4_cidr_block": "34.118.224.0/20",
                "services_secondary_range_name": "",
                "stack_type": "IPV4"
              }
            ],
            "label_fingerprint": "78cdf2f6",
            "location": "europe-west1",
            "logging_config": [
              {
                "enable_components": [
                  "SYSTEM_COMPONENTS",
                  "WORKLOADS"
                ]
              }
            ],
            "logging_service": "logging.googleapis.com/kubernetes",
            "maintenance_policy": [],
            "master_auth": [
              {
                "client_certificate": "",
                "client_certificate_config": [
                  {
                    "issue_client_certificate": false
                  }
                ],
                "client_key": "",
                "cluster_ca_certificate": "LS0tLS1CRUdJTiBDRVJUSUZJQ0FURS0tLS0tCk1JSUVMRENDQXBTZ0F3SUJBZ0lRWDM2dlc4RXJWRVRhL2tPNGxoRU5WREFOQmdrcWhraUc5dzBCQVFzRkFEQXYKTVMwd0t3WURWUVFERXlRd056UXhaR00yTmkxbE1EVmtMVFJrWTJJdFltVmpOUzB3TnpVd09UVTBPRGt3TkRVdwpJQmNOTWpReE1ESXlNVFl3TlRNeFdoZ1BNakExTkRFd01UVXhOekExTXpGYU1DOHhMVEFyQmdOVkJBTVRKREEzCk5ERmtZelkyTFdVd05XUXROR1JqWWkxaVpXTTFMVEEzTlRBNU5UUTRPVEEwTlRDQ0FhSXdEUVlKS29aSWh2Y04KQVFFQkJRQURnZ0dQQURDQ0FZb0NnZ0dCQU9QMkRPWjZzNzBuWklsQW1iYkFicm1aSEJaWkJpcGtYQTFnZVljSApFRlJWZ1R1dnpLaS9sM2tHenBYenIvOFBTb1J4b1lPY05KOG8rcXF6dlBkOWU5RkNUdVl1YTg4RzJDRER2T3pICnQ1dGdRVm1MNUFaaUI4b0wxODJQSm1kVWFOLzNhbk5YLzZET2VSMjZTaCtTaFNwbG1HaXJGNTJQY1JINlh3cEsKRHZhOVhOL2xRdXA5cjZyV2hvUGp5aUh5emVwWml6T1o5RnF0WjFVNDVkb083M2Z4QzY3UGJiZVFhd1g3WkVScAo3N2ZnN0RpRERwZ0dkYklmVWplL1lITXBvL3B2cDV2NFhOUWEyNXNzQlhZTS9VQjRzQUhkdDFaM1AvMklHMjZJClBkb1NpQW5GR2JUQWprQUdUN0RPVUxwZ0xRTjdrK2JTdjJTWDc2a1BRVlRYVW9YMHd6Q3ZxdFBTdS8wUngwS1QKY2Z1c0laUkdramptS2FRYXNJcmt2UHR6M1V2S09aa1E4cVgxRGtjbFVzVmtDakF1enFxRS9QVTFwbGFUVFZuKwpaMDExeENXZkdnczcwd1JVaU4wUyttdUxzRXpaenhTbE5jVXZPVXhYNi93L3JOTWYyelAxV29Lb1ZzVng0V3BhCjRrb1R6VXM0SlJUZUJIVVZja2w3Yis2M29RSURBUUFCbzBJd1FEQU9CZ05WSFE4QkFmOEVCQU1DQWdRd0R3WUQKVlIwVEFRSC9CQVV3QXdFQi96QWRCZ05WSFE0RUZnUVVjNlNMR3RxZGJDM3B2K2pEeUpNek1EQTFqNk13RFFZSgpLb1pJaHZjTkFRRUxCUUFEZ2dHQkFGODhWREovUmZqTVlWWGZlSW03aHdiUGRNbVlMUjc5SG5ibHc3cC9sRi9MCkIrek9ydFo1MEI5aFZuQ3FRaFpFc0V6ZHliQ3I3ZlNsTitTSU52ejJmMUNZOU9IczRSOFFnRlE0QTgwam5rWG4KaFcrckVIeTFtM0VxVzVuMUhlSFNIQXpPd2psVmlid3lncndNLzNSUWwySEU2TjZydzQ3TzNTME9DZ1RSczNMMwpaM3V5eHdiUWdkM08zb0FOcGplSm4vODVlMzBvWlBPbUVhMUlTRzRsOWRKZUY0YUt2NTE4dXVtRzRUTmp3SXc2CndsUUxqaDRDcDNLYXZ6YVplTEI2VE1zRlVLQWlRbFhRaWpyWkUwOHAvc1VxZWw4YXVWK1JRMU1JN2hSMnZYSVcKTXIvcTRLVFg3U3ZCbHhRS2RrZE9NdEVtOTk2YUQydWNoT2cxelR6NFY1K0wrRTVFbkR0OG5WM0VBaC9rSkV5TgplNG1YWEE0SlpJM1oyWkpVYTRNYjZCWis1YWpjVVVUbG52VzJGMExKeGdibkszMnU1NExrOTlQVVVoakJ1eWlWCjhrVmdXd0JiekFCWHBlZFRxRG9xa3ZkVU94MGttQkVmQS9LdWwvRXZlTHFXYXRwNmk4STdYNkdRQ05sdmdZc3cKYzlZeXdPSFdTeStnTm9pd0taaEpJUT09Ci0tLS0tRU5EIENFUlRJRklDQVRFLS0tLS0K"
              }
            ],
            "master_authorized_networks_config": [],
            "master_version": "1.30.5-gke.1014001",
            "mesh_certificates": [],
            "min_master_version": null,
            "monitoring_config": [
              {
                "advanced_datapath_observability_config": [
                  {
                    "enable_metrics": false,
                    "enable_relay": false
                  }
                ],
                "enable_components": [
                  "SYSTEM_COMPONENTS",
                  "STORAGE",
                  "HPA",
                  "POD",
                  "DAEMONSET",
                  "DEPLOYMENT",
                  "STATEFULSET",
                  "CADVISOR",
                  "KUBELET"
                ],
                "managed_prometheus": [
                  {
                    "enabled": true
                  }
                ]
              }
            ],
            "monitoring_service": "monitoring.googleapis.com/kubernetes",
            "name": "tic-tac-toe-cluster",
            "network": "projects/agisit-2425-website-98956/global/networks/tic-tac-toe-vpc",
            "network_policy": [
              {
                "enabled": false,
                "provider": "PROVIDER_UNSPECIFIED"
              }
            ],
            "networking_mode": "VPC_NATIVE",
            "node_config": [
              {
                "advanced_machine_features": [],
                "boot_disk_kms_key": "",
                "confidential_nodes": [],
                "containerd_config": [],
                "disk_size_gb": 20,
                "disk_type": "pd-balanced",
                "effective_taints": [],
                "enable_confidential_storage": false,
                "ephemeral_storage_local_ssd_config": [],
                "fast_socket": [],
                "gcfs_config": [],
                "guest_accelerator": [],
                "gvnic": [],
                "host_maintenance_policy": [],
                "image_type": "COS_CONTAINERD",
                "kubelet_config": [],
                "labels": {},
                "linux_node_config": [],
                "local_nvme_ssd_block_config": [],
                "local_ssd_count": 0,
                "logging_variant": "DEFAULT",
                "machine_type": "e2-medium",
                "metadata": {
                  "disable-legacy-endpoints": "true"
                },
                "min_cpu_platform": "",
                "node_group": "",
                "oauth_scopes": [
                  "https://www.googleapis.com/auth/cloud-platform"
                ],
                "preemptible": false,
                "reservation_affinity": [],
                "resource_labels": {},
                "resource_manager_tags": {},
                "secondary_boot_disks": [],
                "service_account": "default",
                "shielded_instance_config": [
                  {
                    "enable_integrity_monitoring": true,
                    "enable_secure_boot": false
                  }
                ],
                "sole_tenant_config": [],
                "spot": false,
                "storage_pools": [],
                "tags": [],
                "taint": [],
                "workload_metadata_config": []
              }
            ],
            "node_locations": [
              "europe-west1-b",
              "europe-west1-c",
              "europe-west1-d"
            ],
            "node_pool": [
              {
                "autoscaling": [],
                "initial_node_count": 1,
                "instance_group_urls": [
                  "https://www.googleapis.com/compute/v1/projects/agisit-2425-website-98956/zones/europe-west1-c/instanceGroupManagers/gke-tic-tac-toe-cluster-default-pool-c3a93e70-grp",
                  "https://www.googleapis.com/compute/v1/projects/agisit-2425-website-98956/zones/europe-west1-d/instanceGroupManagers/gke-tic-tac-toe-cluster-default-pool-37974a6e-grp",
                  "https://www.googleapis.com/compute/v1/projects/agisit-2425-website-98956/zones/europe-west1-b/instanceGroupManagers/gke-tic-tac-toe-cluster-default-pool-ff3f993d-grp"
                ],
                "managed_instance_group_urls": [
                  "https://www.googleapis.com/compute/v1/projects/agisit-2425-website-98956/zones/europe-west1-c/instanceGroups/gke-tic-tac-toe-cluster-default-pool-c3a93e70-grp",
                  "https://www.googleapis.com/compute/v1/projects/agisit-2425-website-98956/zones/europe-west1-d/instanceGroups/gke-tic-tac-toe-cluster-default-pool-37974a6e-grp",
                  "https://www.googleapis.com/compute/v1/projects/agisit-2425-website-98956/zones/europe-west1-b/instanceGroups/gke-tic-tac-toe-cluster-default-pool-ff3f993d-grp"
                ],
                "management": [
                  {
                    "auto_repair": true,
                    "auto_upgrade": true
                  }
                ],
                "max_pods_per_node": 110,
                "name": "default-pool",
                "name_prefix": "",
                "network_config": [
                  {
                    "additional_node_network_configs": [],
                    "additional_pod_network_configs": [],
                    "create_pod_range": false,
                    "enable_private_nodes": false,
                    "network_performance_config": [],
                    "pod_cidr_overprovision_config": [],
                    "pod_ipv4_cidr_block": "10.124.0.0/14",
                    "pod_range": "gke-tic-tac-toe-cluster-pods-fb365384"
                  }
                ],
                "node_config": [
                  {
                    "advanced_machine_features": [],
                    "boot_disk_kms_key": "",
                    "confidential_nodes": [],
                    "containerd_config": [],
                    "disk_size_gb": 20,
                    "disk_type": "pd-balanced",
                    "effective_taints": [],
                    "enable_confidential_storage": false,
                    "ephemeral_storage_local_ssd_config": [],
                    "fast_socket": [],
                    "gcfs_config": [],
                    "guest_accelerator": [],
                    "gvnic": [],
                    "host_maintenance_policy": [],
                    "image_type": "COS_CONTAINERD",
                    "kubelet_config": [],
                    "labels": {},
                    "linux_node_config": [],
                    "local_nvme_ssd_block_config": [],
                    "local_ssd_count": 0,
                    "logging_variant": "DEFAULT",
                    "machine_type": "e2-medium",
                    "metadata": {
                      "disable-legacy-endpoints": "true"
                    },
                    "min_cpu_platform": "",
                    "node_group": "",
                    "oauth_scopes": [
                      "https://www.googleapis.com/auth/cloud-platform"
                    ],
                    "preemptible": false,
                    "reservation_affinity": [],
                    "resource_labels": {},
                    "resource_manager_tags": {},
                    "secondary_boot_disks": [],
                    "service_account": "default",
                    "shielded_instance_config": [
                      {
                        "enable_integrity_monitoring": true,
                        "enable_secure_boot": false
                      }
                    ],
                    "sole_tenant_config": [],
                    "spot": false,
                    "storage_pools": [],
                    "tags": [],
                    "taint": [],
                    "workload_metadata_config": []
                  }
                ],
                "node_count": 1,
                "node_locations": [
                  "europe-west1-b",
                  "europe-west1-c",
                  "europe-west1-d"
                ],
                "placement_policy": [],
                "queued_provisioning": [],
                "upgrade_settings": [
                  {
                    "blue_green_settings": [],
                    "max_surge": 1,
                    "max_unavailable": 0,
                    "strategy": "SURGE"
                  }
                ],
                "version": "1.30.5-gke.1014001"
              }
            ],
            "node_pool_auto_config": [],
            "node_pool_defaults": [
              {
                "node_config_defaults": [
                  {
                    "containerd_config": [],
                    "gcfs_config": [],
                    "insecure_kubelet_readonly_port_enabled": "FALSE",
                    "logging_variant": "DEFAULT"
                  }
                ]
              }
            ],
            "node_version": "1.30.5-gke.1014001",
            "notification_config": [
              {
                "pubsub": [
                  {
                    "enabled": false,
                    "filter": [],
                    "topic": ""
                  }
                ]
              }
            ],
            "operation": null,
            "private_cluster_config": [
              {
                "enable_private_endpoint": false,
                "enable_private_nodes": false,
                "master_global_access_config": [
                  {
                    "enabled": false
                  }
                ],
                "master_ipv4_cidr_block": "",
                "peering_name": "",
                "private_endpoint": "10.0.0.2",
                "private_endpoint_subnetwork": "",
                "public_endpoint": "35.205.135.54"
              }
            ],
            "private_ipv6_google_access": "",
            "project": "agisit-2425-website-98956",
            "release_channel": [
              {
                "channel": "REGULAR"
              }
            ],
            "remove_default_node_pool": null,
            "resource_labels": {},
            "resource_usage_export_config": [],
            "secret_manager_config": [
              {
                "enabled": false
              }
            ],
            "security_posture_config": [
              {
                "mode": "BASIC",
                "vulnerability_mode": "VULNERABILITY_MODE_UNSPECIFIED"
              }
            ],
            "self_link": "https://container.googleapis.com/v1/projects/agisit-2425-website-98956/locations/europe-west1/clusters/tic-tac-toe-cluster",
            "service_external_ips_config": [
              {
                "enabled": false
              }
            ],
            "services_ipv4_cidr": "34.118.224.0/20",
            "subnetwork": "projects/agisit-2425-website-98956/regions/europe-west1/subnetworks/tic-tac-toe-subnet",
            "terraform_labels": {
              "goog-terraform-provisioned": "true"
            },
            "timeouts": null,
            "tpu_ipv4_cidr_block": "",
            "vertical_pod_autoscaling": [],
            "workload_identity_config": []
          },
          "sensitive_attributes": [
            [
              {
                "type": "get_attr",
                "value": "master_auth"
              },
              {
                "type": "index",
                "value": {
                  "value": 0,
                  "type": "number"
                }
              },
              {
                "type": "get_attr",
                "value": "client_key"
              }
            ]
          ],
          "private": "eyJlMmJmYjczMC1lY2FhLTExZTYtOGY4OC0zNDM2M2JjN2M0YzAiOnsiY3JlYXRlIjoyNDAwMDAwMDAwMDAwLCJkZWxldGUiOjI0MDAwMDAwMDAwMDAsInJlYWQiOjI0MDAwMDAwMDAwMDAsInVwZGF0ZSI6MzYwMDAwMDAwMDAwMH0sInNjaGVtYV92ZXJzaW9uIjoiMiJ9",
          "dependencies": [
            "google_compute_network.vpc_network",
            "google_compute_subnetwork.subnet"
          ]
        }
      ]
    }
  ],
  "check_results": null
}
